
Microsoft Visual Studio Solution File, Format Version 12.00
# Visual Studio 15
VisualStudioVersion = 15.0.28307.136
MinimumVisualStudioVersion = 10.0.40219.1
Project("{FAE04EC0-301F-11D3-BF4B-00C04F79EFBC}") = "AeonyphielsSpellIndex", "AeonyphielsSpellIndex\AeonyphielsSpellIndex.csproj", "{3CB121A6-B933-4763-BCFF-C802269792D5}"
EndProject
Project("{FAE04EC0-301F-11D3-BF4B-00C04F79EFBC}") = "Hirewyn", "Hirewyn\Hirewyn.csproj", "{C2CA967F-C188-4A03-9A78-6AA372D4C8F8}"
EndProject
Global
	GlobalSection(SolutionConfigurationPlatforms) = preSolution
		Debug|Any CPU = Debug|Any CPU
		Release|Any CPU = Release|Any CPU
	EndGlobalSection
	GlobalSection(ProjectConfigurationPlatforms) = postSolution
		{3CB121A6-B933-4763-BCFF-C802269792D5}.Debug|Any CPU.ActiveCfg = Debug|Any CPU
		{3CB121A6-B933-4763-BCFF-C802269792D5}.Debug|Any CPU.Build.0 = Debug|Any CPU
		{3CB121A6-B933-4763-BCFF-C802269792D5}.Release|Any CPU.ActiveCfg = Release|Any CPU
		{3CB121A6-B933-4763-BCFF-C802269792D5}.Release|Any CPU.Build.0 = Release|Any CPU
		{C2CA967F-C188-4A03-9A78-6AA372D4C8F8}.Debug|Any CPU.ActiveCfg = Debug|Any CPU
		{C2CA967F-C188-4A03-9A78-6AA372D4C8F8}.Debug|Any CPU.Build.0 = Debug|Any CPU
		{C2CA967F-C188-4A03-9A78-6AA372D4C8F8}.Release|Any CPU.ActiveCfg = Release|Any CPU
		{C2CA967F-C188-4A03-9A78-6AA372D4C8F8}.Release|Any CPU.Build.0 = Release|Any CPU
	EndGlobalSection
	GlobalSection(SolutionProperties) = preSolution
		HideSolutionNode = FALSE
	EndGlobalSection
	GlobalSection(ExtensibilityGlobals) = postSolution
		SolutionGuid = {B90A487C-3415-4C80-99B3-2041C11E1C2C}
	EndGlobalSection
EndGlobal
